
Microsoft Visual Studio Solution File, Format Version 12.00
# Visual Studio Version 17
VisualStudioVersion = 17.4.33205.214
MinimumVisualStudioVersion = 10.0.40219.1
Project("{FAE04EC0-301F-11D3-BF4B-00C04F79EFBC}") = "BED_Assignment_4_grp4", "BED_Assignment_4_grp4.csproj", "{98154E32-BEB8-4CAD-9ECB-3B177AEFE30D}"
EndProject
Global
	GlobalSection(SolutionConfigurationPlatforms) = preSolution
		Debug|Any CPU = Debug|Any CPU
		Release|Any CPU = Release|Any CPU
	EndGlobalSection
	GlobalSection(ProjectConfigurationPlatforms) = postSolution
		{98154E32-BEB8-4CAD-9ECB-3B177AEFE30D}.Debug|Any CPU.ActiveCfg = Debug|Any CPU
		{98154E32-BEB8-4CAD-9ECB-3B177AEFE30D}.Debug|Any CPU.Build.0 = Debug|Any CPU
		{98154E32-BEB8-4CAD-9ECB-3B177AEFE30D}.Release|Any CPU.ActiveCfg = Release|Any CPU
		{98154E32-BEB8-4CAD-9ECB-3B177AEFE30D}.Release|Any CPU.Build.0 = Release|Any CPU
	EndGlobalSection
	GlobalSection(SolutionProperties) = preSolution
		HideSolutionNode = FALSE
	EndGlobalSection
	GlobalSection(ExtensibilityGlobals) = postSolution
		SolutionGuid = {012D16F0-6692-474C-B537-331888629C7C}
	EndGlobalSection
EndGlobal
